
Microsoft Visual Studio Solution File, Format Version 12.00
# Visual Studio Version 17
VisualStudioVersion = 17.2.32516.85
MinimumVisualStudioVersion = 10.0.40219.1
Project("{FAE04EC0-301F-11D3-BF4B-00C04F79EFBC}") = "FindPathRobot", "FindPathRobot\FindPathRobot.csproj", "{B1C3971B-5A13-4002-93CD-59E792D07AA1}"
EndProject
Global
	GlobalSection(SolutionConfigurationPlatforms) = preSolution
		Debug|Any CPU = Debug|Any CPU
		Release|Any CPU = Release|Any CPU
	EndGlobalSection
	GlobalSection(ProjectConfigurationPlatforms) = postSolution
		{B1C3971B-5A13-4002-93CD-59E792D07AA1}.Debug|Any CPU.ActiveCfg = Debug|Any CPU
		{B1C3971B-5A13-4002-93CD-59E792D07AA1}.Debug|Any CPU.Build.0 = Debug|Any CPU
		{B1C3971B-5A13-4002-93CD-59E792D07AA1}.Release|Any CPU.ActiveCfg = Release|Any CPU
		{B1C3971B-5A13-4002-93CD-59E792D07AA1}.Release|Any CPU.Build.0 = Release|Any CPU
	EndGlobalSection
	GlobalSection(SolutionProperties) = preSolution
		HideSolutionNode = FALSE
	EndGlobalSection
	GlobalSection(ExtensibilityGlobals) = postSolution
		SolutionGuid = {2B42DF96-9CFD-41D3-B92E-FEE45956E9BD}
	EndGlobalSection
EndGlobal
